// !$*UTF8*$!
{
	archiveVersion = 1;
	classes = {
	};
	objectVersion = 77;
	objects = {

/* Begin PBXBuildFile section */
		079A273324F49C894DDF1EA6 /* TriggerDevStudioSkillIntent.swift in Sources */ = {isa = PBXBuildFile; fileRef = 622E355B6301BF5EC301F790 /* TriggerDevStudioSkillIntent.swift */; };
		1640700EE5A233F986F766C6 /* AppIcon.icns in Resources */ = {isa = PBXBuildFile; fileRef = 046F882B7476E815A2978AD8 /* AppIcon.icns */; };
		17A7E19D4C650025356748E4 /* ABOUT.md in Resources */ = {isa = PBXBuildFile; fileRef = 3E474C7509B883E7EB7861FA /* ABOUT.md */; };
		1DE0342A97666CA81C8F351D /* ContentView.swift in Sources */ = {isa = PBXBuildFile; fileRef = 8B0017CD1E066303DD869164 /* ContentView.swift */; };
		3265BF91A86E2BB4E13156FE /* SnackbarCore-Info.plist in Resources */ = {isa = PBXBuildFile; fileRef = 1D8D097614984ADEE38ABC82 /* SnackbarCore-Info.plist */; };
		3BAB8E57A05F1D95DBB5F09F /* iCloudSyncManager.swift in Sources */ = {isa = PBXBuildFile; fileRef = 8C68A86C20F2F59599973484 /* iCloudSyncManager.swift */; };
		47D3D7A6DC04ED047C79C910 /* snacks.json in Resources */ = {isa = PBXBuildFile; fileRef = AF9DC8017087B387DC34904E /* snacks.json */; };
		580B1D7C7251235D905DF567 /* MCPClient.swift in Sources */ = {isa = PBXBuildFile; fileRef = 6EC6A9038F7E2A8D771A8C5D /* MCPClient.swift */; };
		61C467F96FB815BE95D84118 /* SnackbarApp.swift in Sources */ = {isa = PBXBuildFile; fileRef = DD781801CF730493F97209FC /* SnackbarApp.swift */; };
		67F7B4DFA3EA4DD9B9556133 /* Snackbar.sdef in Resources */ = {isa = PBXBuildFile; fileRef = 664935C1BCF9C344C4CD6F8C /* Snackbar.sdef */; };
		6C6B86889F28478F74F5848C /* DevToolsManager.swift in Sources */ = {isa = PBXBuildFile; fileRef = 5608F8084FCF935EF4284FEA /* DevToolsManager.swift */; };
		6DC2BA67332FCEB456E8984D /* NoteManager.swift in Sources */ = {isa = PBXBuildFile; fileRef = 5032ED8ACB45A3EA112BA38A /* NoteManager.swift */; };
		717787D3228980329EEA2F76 /* SnackbarCore.framework in Frameworks */ = {isa = PBXBuildFile; fileRef = 79A71262CD79BADF3857117F /* SnackbarCore.framework */; };
		78ED8556FC5A54044DCE6BF6 /* SyncStatusMonitor.swift in Sources */ = {isa = PBXBuildFile; fileRef = 75A2C7A205CF71AC8B097B02 /* SyncStatusMonitor.swift */; };
		8F34A6C2B193A54C1FC385B2 /* NoteManagerTests.swift in Sources */ = {isa = PBXBuildFile; fileRef = 69C792D099F3198D5023D132 /* NoteManagerTests.swift */; };
		94FC81690D27C67326A494C4 /* Note.swift in Sources */ = {isa = PBXBuildFile; fileRef = E936AA0AACF808F737658518 /* Note.swift */; };
		A685782D5A9EC55E6E27E076 /* CreateNoteIntent.swift in Sources */ = {isa = PBXBuildFile; fileRef = 5D8AC390D80EF1C05F005044 /* CreateNoteIntent.swift */; };
		B3ECD966AE93A2320E38E957 /* SyncNotesIntent.swift in Sources */ = {isa = PBXBuildFile; fileRef = 87F1B19BB561E2AA7973AB52 /* SyncNotesIntent.swift */; };
		B54C2D916F51BEB847727DF8 /* SnackbarCore.framework in Frameworks */ = {isa = PBXBuildFile; fileRef = 79A71262CD79BADF3857117F /* SnackbarCore.framework */; };
		B5602FB225FDB1D6FFF8954B /* SnackbarCore.framework in Embed Frameworks */ = {isa = PBXBuildFile; fileRef = 79A71262CD79BADF3857117F /* SnackbarCore.framework */; settings = {ATTRIBUTES = (RemoveHeadersOnCopy, ); }; };
		BD9FA62ABF8F066D4F56C47A /* categories.json in Resources */ = {isa = PBXBuildFile; fileRef = 6529F8C11A4C16741D7B60D9 /* categories.json */; };
		C692FE241AC11C99BD2FABC9 /* SnackbarShortcuts.swift in Sources */ = {isa = PBXBuildFile; fileRef = 196CDB7A4810499C25492EEE /* SnackbarShortcuts.swift */; };
		D31C738876466EA5E4DBFE31 /* DevStudioConfigManager.swift in Sources */ = {isa = PBXBuildFile; fileRef = 13EA1F1E989A3AC01489C814 /* DevStudioConfigManager.swift */; };
		E8F23DDEF4FAE5D866ABBEAD /* SnackbarAppleScriptHandler.swift in Sources */ = {isa = PBXBuildFile; fileRef = 3AAB5DEF19672314CF843DEC /* SnackbarAppleScriptHandler.swift */; };
		EF844B9EBAC1A4E0F44DF0DE /* DevToolsConfig.swift in Sources */ = {isa = PBXBuildFile; fileRef = D7B8CFCF7AC6169760232BD5 /* DevToolsConfig.swift */; };
		EFF0EC87FA06155859FCC107 /* DevStudioSkillTrigger.swift in Sources */ = {isa = PBXBuildFile; fileRef = 293780B3F9204A1667B8A09D /* DevStudioSkillTrigger.swift */; };
		F74FD13C0A2C7373959905D2 /* SnackbarCore.framework in Embed Frameworks */ = {isa = PBXBuildFile; fileRef = 79A71262CD79BADF3857117F /* SnackbarCore.framework */; settings = {ATTRIBUTES = (CodeSignOnCopy, RemoveHeadersOnCopy, ); }; };
/* End PBXBuildFile section */

/* Begin PBXContainerItemProxy section */
		EA84E9B22E7EDE8999ADE9AC /* PBXContainerItemProxy */ = {
			isa = PBXContainerItemProxy;
			containerPortal = D7074C1239CD8BF6379BDAA5 /* Project object */;
			proxyType = 1;
			remoteGlobalIDString = 54D074953E3FADE8BD8AF5AA;
			remoteInfo = SnackbarCore;
		};
		F3C3C1E0775FE60F8008407E /* PBXContainerItemProxy */ = {
			isa = PBXContainerItemProxy;
			containerPortal = D7074C1239CD8BF6379BDAA5 /* Project object */;
			proxyType = 1;
			remoteGlobalIDString = 54D074953E3FADE8BD8AF5AA;
			remoteInfo = SnackbarCore;
		};
		FCEA0DD555C5330C51942420 /* PBXContainerItemProxy */ = {
			isa = PBXContainerItemProxy;
			containerPortal = D7074C1239CD8BF6379BDAA5 /* Project object */;
			proxyType = 1;
			remoteGlobalIDString = 43464087252F5FE4643660ED;
			remoteInfo = Snackbar;
		};
/* End PBXContainerItemProxy section */

/* Begin PBXCopyFilesBuildPhase section */
		71D914DCBB277430BE8D9BBA /* Embed Frameworks */ = {
			isa = PBXCopyFilesBuildPhase;
			buildActionMask = 2147483647;
			dstPath = "";
			dstSubfolderSpec = 10;
			files = (
				F74FD13C0A2C7373959905D2 /* SnackbarCore.framework in Embed Frameworks */,
			);
			name = "Embed Frameworks";
			runOnlyForDeploymentPostprocessing = 0;
		};
		89BBE2B2E2266D8835A6E071 /* Embed Frameworks */ = {
			isa = PBXCopyFilesBuildPhase;
			buildActionMask = 2147483647;
			dstPath = "";
			dstSubfolderSpec = 10;
			files = (
				B5602FB225FDB1D6FFF8954B /* SnackbarCore.framework in Embed Frameworks */,
			);
			name = "Embed Frameworks";
			runOnlyForDeploymentPostprocessing = 0;
		};
/* End PBXCopyFilesBuildPhase section */

/* Begin PBXFileReference section */
		046F882B7476E815A2978AD8 /* AppIcon.icns */ = {isa = PBXFileReference; lastKnownFileType = image.icns; path = AppIcon.icns; sourceTree = "<group>"; };
		13274A62538F3255BFECD659 /* Snackbar.app */ = {isa = PBXFileReference; explicitFileType = wrapper.application; includeInIndex = 0; path = Snackbar.app; sourceTree = BUILT_PRODUCTS_DIR; };
		13EA1F1E989A3AC01489C814 /* DevStudioConfigManager.swift */ = {isa = PBXFileReference; lastKnownFileType = sourcecode.swift; path = DevStudioConfigManager.swift; sourceTree = "<group>"; };
		196CDB7A4810499C25492EEE /* SnackbarShortcuts.swift */ = {isa = PBXFileReference; lastKnownFileType = sourcecode.swift; path = SnackbarShortcuts.swift; sourceTree = "<group>"; };
		1D8D097614984ADEE38ABC82 /* SnackbarCore-Info.plist */ = {isa = PBXFileReference; lastKnownFileType = text.plist; path = "SnackbarCore-Info.plist"; sourceTree = "<group>"; };
		293780B3F9204A1667B8A09D /* DevStudioSkillTrigger.swift */ = {isa = PBXFileReference; lastKnownFileType = sourcecode.swift; path = DevStudioSkillTrigger.swift; sourceTree = "<group>"; };
		3AAB5DEF19672314CF843DEC /* SnackbarAppleScriptHandler.swift */ = {isa = PBXFileReference; lastKnownFileType = sourcecode.swift; path = SnackbarAppleScriptHandler.swift; sourceTree = "<group>"; };
		3E474C7509B883E7EB7861FA /* ABOUT.md */ = {isa = PBXFileReference; lastKnownFileType = net.daringfireball.markdown; path = ABOUT.md; sourceTree = "<group>"; };
		5032ED8ACB45A3EA112BA38A /* NoteManager.swift */ = {isa = PBXFileReference; lastKnownFileType = sourcecode.swift; path = NoteManager.swift; sourceTree = "<group>"; };
		5608F8084FCF935EF4284FEA /* DevToolsManager.swift */ = {isa = PBXFileReference; lastKnownFileType = sourcecode.swift; path = DevToolsManager.swift; sourceTree = "<group>"; };
		5D8AC390D80EF1C05F005044 /* CreateNoteIntent.swift */ = {isa = PBXFileReference; lastKnownFileType = sourcecode.swift; path = CreateNoteIntent.swift; sourceTree = "<group>"; };
		622E355B6301BF5EC301F790 /* TriggerDevStudioSkillIntent.swift */ = {isa = PBXFileReference; lastKnownFileType = sourcecode.swift; path = TriggerDevStudioSkillIntent.swift; sourceTree = "<group>"; };
		6529F8C11A4C16741D7B60D9 /* categories.json */ = {isa = PBXFileReference; lastKnownFileType = text.json; path = categories.json; sourceTree = "<group>"; };
		664935C1BCF9C344C4CD6F8C /* Snackbar.sdef */ = {isa = PBXFileReference; path = Snackbar.sdef; sourceTree = "<group>"; };
		69C792D099F3198D5023D132 /* NoteManagerTests.swift */ = {isa = PBXFileReference; lastKnownFileType = sourcecode.swift; path = NoteManagerTests.swift; sourceTree = "<group>"; };
		6E714162BB78D4593F104F52 /* SnackbarTests.xctest */ = {isa = PBXFileReference; explicitFileType = wrapper.cfbundle; includeInIndex = 0; path = SnackbarTests.xctest; sourceTree = BUILT_PRODUCTS_DIR; };
		6EC6A9038F7E2A8D771A8C5D /* MCPClient.swift */ = {isa = PBXFileReference; lastKnownFileType = sourcecode.swift; path = MCPClient.swift; sourceTree = "<group>"; };
		75A2C7A205CF71AC8B097B02 /* SyncStatusMonitor.swift */ = {isa = PBXFileReference; lastKnownFileType = sourcecode.swift; path = SyncStatusMonitor.swift; sourceTree = "<group>"; };
		79A71262CD79BADF3857117F /* SnackbarCore.framework */ = {isa = PBXFileReference; explicitFileType = wrapper.framework; includeInIndex = 0; path = SnackbarCore.framework; sourceTree = BUILT_PRODUCTS_DIR; };
		87F1B19BB561E2AA7973AB52 /* SyncNotesIntent.swift */ = {isa = PBXFileReference; lastKnownFileType = sourcecode.swift; path = SyncNotesIntent.swift; sourceTree = "<group>"; };
		8B0017CD1E066303DD869164 /* ContentView.swift */ = {isa = PBXFileReference; lastKnownFileType = sourcecode.swift; path = ContentView.swift; sourceTree = "<group>"; };
		8C68A86C20F2F59599973484 /* iCloudSyncManager.swift */ = {isa = PBXFileReference; lastKnownFileType = sourcecode.swift; path = iCloudSyncManager.swift; sourceTree = "<group>"; };
		9501D9034920B64E2BFE1168 /* Snackbar.entitlements */ = {isa = PBXFileReference; lastKnownFileType = text.plist.entitlements; path = Snackbar.entitlements; sourceTree = "<group>"; };
		AF9DC8017087B387DC34904E /* snacks.json */ = {isa = PBXFileReference; lastKnownFileType = text.json; path = snacks.json; sourceTree = "<group>"; };
		B708B728956CE65026EC3E50 /* Info.plist */ = {isa = PBXFileReference; lastKnownFileType = text.plist; path = Info.plist; sourceTree = "<group>"; };
		D7B8CFCF7AC6169760232BD5 /* DevToolsConfig.swift */ = {isa = PBXFileReference; lastKnownFileType = sourcecode.swift; path = DevToolsConfig.swift; sourceTree = "<group>"; };
		DD781801CF730493F97209FC /* SnackbarApp.swift */ = {isa = PBXFileReference; lastKnownFileType = sourcecode.swift; path = SnackbarApp.swift; sourceTree = "<group>"; };
		E936AA0AACF808F737658518 /* Note.swift */ = {isa = PBXFileReference; lastKnownFileType = sourcecode.swift; path = Note.swift; sourceTree = "<group>"; };
/* End PBXFileReference section */

/* Begin PBXFrameworksBuildPhase section */
		2BF87C39FEC2C6348C9B3C25 /* Frameworks */ = {
			isa = PBXFrameworksBuildPhase;
			buildActionMask = 2147483647;
			files = (
				717787D3228980329EEA2F76 /* SnackbarCore.framework in Frameworks */,
			);
			runOnlyForDeploymentPostprocessing = 0;
		};
		917F5F3879EB65794B70B82B /* Frameworks */ = {
			isa = PBXFrameworksBuildPhase;
			buildActionMask = 2147483647;
			files = (
				B54C2D916F51BEB847727DF8 /* SnackbarCore.framework in Frameworks */,
			);
			runOnlyForDeploymentPostprocessing = 0;
		};
/* End PBXFrameworksBuildPhase section */

/* Begin PBXGroup section */
		0F55EBA468259AA0C7E8AD4A /* UI */ = {
			isa = PBXGroup;
			children = (
				8B0017CD1E066303DD869164 /* ContentView.swift */,
				DD781801CF730493F97209FC /* SnackbarApp.swift */,
			);
			path = UI;
			sourceTree = "<group>";
		};
		20DDD14720BECE2E5B0F3A90 /* Core */ = {
			isa = PBXGroup;
			children = (
				4AE366B8D821973A3A075E77 /* Models */,
				A0D2C1829598BBF123A299E0 /* Services */,
			);
			name = Core;
			path = Sources/Core;
			sourceTree = "<group>";
		};
		4855FD4ABFC3E926CDBE394F /* Resources */ = {
			isa = PBXGroup;
			children = (
				3E474C7509B883E7EB7861FA /* ABOUT.md */,
				046F882B7476E815A2978AD8 /* AppIcon.icns */,
				6529F8C11A4C16741D7B60D9 /* categories.json */,
				B708B728956CE65026EC3E50 /* Info.plist */,
				9501D9034920B64E2BFE1168 /* Snackbar.entitlements */,
				664935C1BCF9C344C4CD6F8C /* Snackbar.sdef */,
				1D8D097614984ADEE38ABC82 /* SnackbarCore-Info.plist */,
				AF9DC8017087B387DC34904E /* snacks.json */,
			);
			name = Resources;
			path = Resources;
			sourceTree = "<group>";
		};
		4AE366B8D821973A3A075E77 /* Models */ = {
			isa = PBXGroup;
			children = (
				D7B8CFCF7AC6169760232BD5 /* DevToolsConfig.swift */,
				E936AA0AACF808F737658518 /* Note.swift */,
			);
			path = Models;
			sourceTree = "<group>";
		};
		4CEF7385129DB9A5F430F163 /* macOS */ = {
			isa = PBXGroup;
			children = (
				AF679F0EAB7C6499385A5723 /* Automations */,
				0F55EBA468259AA0C7E8AD4A /* UI */,
			);
			name = macOS;
			path = Sources/macOS;
			sourceTree = "<group>";
		};
		5E9A3A6537F9947893ABF31A /* Tests */ = {
			isa = PBXGroup;
			children = (
				69C792D099F3198D5023D132 /* NoteManagerTests.swift */,
			);
			name = Tests;
			path = Tests;
			sourceTree = "<group>";
		};
		A0D2C1829598BBF123A299E0 /* Services */ = {
			isa = PBXGroup;
			children = (
				13EA1F1E989A3AC01489C814 /* DevStudioConfigManager.swift */,
				293780B3F9204A1667B8A09D /* DevStudioSkillTrigger.swift */,
				5608F8084FCF935EF4284FEA /* DevToolsManager.swift */,
				8C68A86C20F2F59599973484 /* iCloudSyncManager.swift */,
				6EC6A9038F7E2A8D771A8C5D /* MCPClient.swift */,
				5032ED8ACB45A3EA112BA38A /* NoteManager.swift */,
				75A2C7A205CF71AC8B097B02 /* SyncStatusMonitor.swift */,
			);
			path = Services;
			sourceTree = "<group>";
		};
		A5368839D3D262A0BCAF1F37 /* Products */ = {
			isa = PBXGroup;
			children = (
				13274A62538F3255BFECD659 /* Snackbar.app */,
				79A71262CD79BADF3857117F /* SnackbarCore.framework */,
				6E714162BB78D4593F104F52 /* SnackbarTests.xctest */,
			);
			name = Products;
			sourceTree = "<group>";
		};
		AF679F0EAB7C6499385A5723 /* Automations */ = {
			isa = PBXGroup;
			children = (
				5D8AC390D80EF1C05F005044 /* CreateNoteIntent.swift */,
				3AAB5DEF19672314CF843DEC /* SnackbarAppleScriptHandler.swift */,
				196CDB7A4810499C25492EEE /* SnackbarShortcuts.swift */,
				87F1B19BB561E2AA7973AB52 /* SyncNotesIntent.swift */,
				622E355B6301BF5EC301F790 /* TriggerDevStudioSkillIntent.swift */,
			);
			path = Automations;
			sourceTree = "<group>";
		};
		F309DE3A67F5AEE676C6C956 = {
			isa = PBXGroup;
			children = (
				20DDD14720BECE2E5B0F3A90 /* Core */,
				4CEF7385129DB9A5F430F163 /* macOS */,
				4855FD4ABFC3E926CDBE394F /* Resources */,
				5E9A3A6537F9947893ABF31A /* Tests */,
				A5368839D3D262A0BCAF1F37 /* Products */,
			);
			sourceTree = "<group>";
		};
/* End PBXGroup section */

/* Begin PBXNativeTarget section */
		43464087252F5FE4643660ED /* Snackbar */ = {
			isa = PBXNativeTarget;
			buildConfigurationList = 21642268E371EC8C5E4A825B /* Build configuration list for PBXNativeTarget "Snackbar" */;
			buildPhases = (
				238691E63592193FBDE19638 /* Sources */,
				2A2E8566C101EF6D2C53B26C /* Resources */,
				2BF87C39FEC2C6348C9B3C25 /* Frameworks */,
				89BBE2B2E2266D8835A6E071 /* Embed Frameworks */,
			);
			buildRules = (
			);
			dependencies = (
				757ED841213E5944DB2766A4 /* PBXTargetDependency */,
			);
			name = Snackbar;
			packageProductDependencies = (
			);
			productName = Snackbar;
			productReference = 13274A62538F3255BFECD659 /* Snackbar.app */;
			productType = "com.apple.product-type.application";
		};
		54D074953E3FADE8BD8AF5AA /* SnackbarCore */ = {
			isa = PBXNativeTarget;
			buildConfigurationList = D577051B794549E18C32A38A /* Build configuration list for PBXNativeTarget "SnackbarCore" */;
			buildPhases = (
				4DB8731B779921937B5D0A52 /* Sources */,
			);
			buildRules = (
			);
			dependencies = (
			);
			name = SnackbarCore;
			packageProductDependencies = (
			);
			productName = SnackbarCore;
			productReference = 79A71262CD79BADF3857117F /* SnackbarCore.framework */;
			productType = "com.apple.product-type.framework";
		};
		FCFBD86A73376D225BCC8454 /* SnackbarTests */ = {
			isa = PBXNativeTarget;
			buildConfigurationList = 98C908CB984B04B5DAE481B9 /* Build configuration list for PBXNativeTarget "SnackbarTests" */;
			buildPhases = (
				B63E0A993A9A10A76042A2A8 /* Sources */,
				917F5F3879EB65794B70B82B /* Frameworks */,
				71D914DCBB277430BE8D9BBA /* Embed Frameworks */,
			);
			buildRules = (
			);
			dependencies = (
				2733FFE73369F67983B999D7 /* PBXTargetDependency */,
				B294A36242E7C0A32F41149D /* PBXTargetDependency */,
			);
			name = SnackbarTests;
			packageProductDependencies = (
			);
			productName = SnackbarTests;
			productReference = 6E714162BB78D4593F104F52 /* SnackbarTests.xctest */;
			productType = "com.apple.product-type.bundle.unit-test";
		};
/* End PBXNativeTarget section */

/* Begin PBXProject section */
		D7074C1239CD8BF6379BDAA5 /* Project object */ = {
			isa = PBXProject;
			attributes = {
				BuildIndependentTargetsInParallel = YES;
				LastUpgradeCheck = 1430;
				TargetAttributes = {
				};
			};
			buildConfigurationList = BD189B9CE1D484F8EA5B19CB /* Build configuration list for PBXProject "Snackbar" */;
			developmentRegion = en;
			hasScannedForEncodings = 0;
			knownRegions = (
				Base,
				en,
			);
			mainGroup = F309DE3A67F5AEE676C6C956;
			minimizedProjectReferenceProxies = 1;
			preferredProjectObjectVersion = 77;
			productRefGroup = A5368839D3D262A0BCAF1F37 /* Products */;
			projectDirPath = "";
			projectRoot = "";
			targets = (
				43464087252F5FE4643660ED /* Snackbar */,
				54D074953E3FADE8BD8AF5AA /* SnackbarCore */,
				FCFBD86A73376D225BCC8454 /* SnackbarTests */,
			);
		};
/* End PBXProject section */

/* Begin PBXResourcesBuildPhase section */
		2A2E8566C101EF6D2C53B26C /* Resources */ = {
			isa = PBXResourcesBuildPhase;
			buildActionMask = 2147483647;
			files = (
				17A7E19D4C650025356748E4 /* ABOUT.md in Resources */,
				1640700EE5A233F986F766C6 /* AppIcon.icns in Resources */,
				67F7B4DFA3EA4DD9B9556133 /* Snackbar.sdef in Resources */,
				3265BF91A86E2BB4E13156FE /* SnackbarCore-Info.plist in Resources */,
				BD9FA62ABF8F066D4F56C47A /* categories.json in Resources */,
				47D3D7A6DC04ED047C79C910 /* snacks.json in Resources */,
			);
			runOnlyForDeploymentPostprocessing = 0;
		};
/* End PBXResourcesBuildPhase section */

/* Begin PBXSourcesBuildPhase section */
		238691E63592193FBDE19638 /* Sources */ = {
			isa = PBXSourcesBuildPhase;
			buildActionMask = 2147483647;
			files = (
				1DE0342A97666CA81C8F351D /* ContentView.swift in Sources */,
				A685782D5A9EC55E6E27E076 /* CreateNoteIntent.swift in Sources */,
				61C467F96FB815BE95D84118 /* SnackbarApp.swift in Sources */,
				E8F23DDEF4FAE5D866ABBEAD /* SnackbarAppleScriptHandler.swift in Sources */,
				C692FE241AC11C99BD2FABC9 /* SnackbarShortcuts.swift in Sources */,
				B3ECD966AE93A2320E38E957 /* SyncNotesIntent.swift in Sources */,
				079A273324F49C894DDF1EA6 /* TriggerDevStudioSkillIntent.swift in Sources */,
			);
			runOnlyForDeploymentPostprocessing = 0;
		};
		4DB8731B779921937B5D0A52 /* Sources */ = {
			isa = PBXSourcesBuildPhase;
			buildActionMask = 2147483647;
			files = (
				D31C738876466EA5E4DBFE31 /* DevStudioConfigManager.swift in Sources */,
				EFF0EC87FA06155859FCC107 /* DevStudioSkillTrigger.swift in Sources */,
				EF844B9EBAC1A4E0F44DF0DE /* DevToolsConfig.swift in Sources */,
				6C6B86889F28478F74F5848C /* DevToolsManager.swift in Sources */,
				580B1D7C7251235D905DF567 /* MCPClient.swift in Sources */,
				94FC81690D27C67326A494C4 /* Note.swift in Sources */,
				6DC2BA67332FCEB456E8984D /* NoteManager.swift in Sources */,
				78ED8556FC5A54044DCE6BF6 /* SyncStatusMonitor.swift in Sources */,
				3BAB8E57A05F1D95DBB5F09F /* iCloudSyncManager.swift in Sources */,
			);
			runOnlyForDeploymentPostprocessing = 0;
		};
		B63E0A993A9A10A76042A2A8 /* Sources */ = {
			isa = PBXSourcesBuildPhase;
			buildActionMask = 2147483647;
			files = (
				8F34A6C2B193A54C1FC385B2 /* NoteManagerTests.swift in Sources */,
			);
			runOnlyForDeploymentPostprocessing = 0;
		};
/* End PBXSourcesBuildPhase section */

/* Begin PBXTargetDependency section */
		2733FFE73369F67983B999D7 /* PBXTargetDependency */ = {
			isa = PBXTargetDependency;
			target = 43464087252F5FE4643660ED /* Snackbar */;
			targetProxy = FCEA0DD555C5330C51942420 /* PBXContainerItemProxy */;
		};
		757ED841213E5944DB2766A4 /* PBXTargetDependency */ = {
			isa = PBXTargetDependency;
			target = 54D074953E3FADE8BD8AF5AA /* SnackbarCore */;
			targetProxy = F3C3C1E0775FE60F8008407E /* PBXContainerItemProxy */;
		};
		B294A36242E7C0A32F41149D /* PBXTargetDependency */ = {
			isa = PBXTargetDependency;
			target = 54D074953E3FADE8BD8AF5AA /* SnackbarCore */;
			targetProxy = EA84E9B22E7EDE8999ADE9AC /* PBXContainerItemProxy */;
		};
/* End PBXTargetDependency section */

/* Begin XCBuildConfiguration section */
		05CBF6CE8A5072D451E5E4BE /* Debug */ = {
			isa = XCBuildConfiguration;
			buildSettings = {
				BUNDLE_LOADER = "$(TEST_HOST)";
				COMBINE_HIDPI_IMAGES = YES;
				LD_RUNPATH_SEARCH_PATHS = (
					"$(inherited)",
					"@executable_path/../Frameworks",
					"@loader_path/../Frameworks",
				);
				PRODUCT_BUNDLE_IDENTIFIER = com.udos.SnackbarTests;
				SDKROOT = macosx;
				TEST_HOST = "$(BUILT_PRODUCTS_DIR)/Snackbar.app/Contents/MacOS/Snackbar";
			};
			name = Debug;
		};
		38E8E8905C5BE0A8E98488E9 /* Debug */ = {
			isa = XCBuildConfiguration;
			buildSettings = {
				ALWAYS_SEARCH_USER_PATHS = NO;
				CLANG_ANALYZER_NONNULL = YES;
				CLANG_ANALYZER_NUMBER_OBJECT_CONVERSION = YES_AGGRESSIVE;
				CLANG_CXX_LANGUAGE_STANDARD = "gnu++14";
				CLANG_CXX_LIBRARY = "libc++";
				CLANG_ENABLE_MODULES = YES;
				CLANG_ENABLE_OBJC_ARC = YES;
				CLANG_ENABLE_OBJC_WEAK = YES;
				CLANG_WARN_BLOCK_CAPTURE_AUTORELEASING = YES;
				CLANG_WARN_BOOL_CONVERSION = YES;
				CLANG_WARN_COMMA = YES;
				CLANG_WARN_CONSTANT_CONVERSION = YES;
				CLANG_WARN_DEPRECATED_OBJC_IMPLEMENTATIONS = YES;
				CLANG_WARN_DIRECT_OBJC_ISA_USAGE = YES_ERROR;
				CLANG_WARN_DOCUMENTATION_COMMENTS = YES;
				CLANG_WARN_EMPTY_BODY = YES;
				CLANG_WARN_ENUM_CONVERSION = YES;
				CLANG_WARN_INFINITE_RECURSION = YES;
				CLANG_WARN_INT_CONVERSION = YES;
				CLANG_WARN_NON_LITERAL_NULL_CONVERSION = YES;
				CLANG_WARN_OBJC_IMPLICIT_RETAIN_SELF = YES;
				CLANG_WARN_OBJC_LITERAL_CONVERSION = YES;
				CLANG_WARN_OBJC_ROOT_CLASS = YES_ERROR;
				CLANG_WARN_QUOTED_INCLUDE_IN_FRAMEWORK_HEADER = YES;
				CLANG_WARN_RANGE_LOOP_ANALYSIS = YES;
				CLANG_WARN_STRICT_PROTOTYPES = YES;
				CLANG_WARN_SUSPICIOUS_MOVE = YES;
				CLANG_WARN_UNGUARDED_AVAILABILITY = YES_AGGRESSIVE;
				CLANG_WARN_UNREACHABLE_CODE = YES;
				CLANG_WARN__DUPLICATE_METHOD_MATCH = YES;
				COPY_PHASE_STRIP = NO;
				DEBUG_INFORMATION_FORMAT = dwarf;
				ENABLE_STRICT_OBJC_MSGSEND = YES;
				ENABLE_TESTABILITY = YES;
				ENABLE_USER_SCRIPT_SANDBOXING = NO;
				GCC_C_LANGUAGE_STANDARD = gnu11;
				GCC_DYNAMIC_NO_PIC = NO;
				GCC_NO_COMMON_BLOCKS = YES;
				GCC_OPTIMIZATION_LEVEL = 0;
				GCC_PREPROCESSOR_DEFINITIONS = (
					"$(inherited)",
					"DEBUG=1",
				);
				GCC_WARN_64_TO_32_BIT_CONVERSION = YES;
				GCC_WARN_ABOUT_RETURN_TYPE = YES_ERROR;
				GCC_WARN_UNDECLARED_SELECTOR = YES;
				GCC_WARN_UNINITIALIZED_AUTOS = YES_AGGRESSIVE;
				GCC_WARN_UNUSED_FUNCTION = YES;
				GCC_WARN_UNUSED_VARIABLE = YES;
				MACOSX_DEPLOYMENT_TARGET = 12.0;
				MTL_ENABLE_DEBUG_INFO = INCLUDE_SOURCE;
				MTL_FAST_MATH = YES;
				ONLY_ACTIVE_ARCH = YES;
				PRODUCT_NAME = "$(TARGET_NAME)";
				SDKROOT = macosx;
				SWIFT_ACTIVE_COMPILATION_CONDITIONS = DEBUG;
				SWIFT_OPTIMIZATION_LEVEL = "-Onone";
				SWIFT_VERSION = 5.7;
			};
			name = Debug;
		};
		40363A81C11CD2BF4D16D794 /* Release */ = {
			isa = XCBuildConfiguration;
			buildSettings = {
				ALWAYS_SEARCH_USER_PATHS = NO;
				CLANG_ANALYZER_NONNULL = YES;
				CLANG_ANALYZER_NUMBER_OBJECT_CONVERSION = YES_AGGRESSIVE;
				CLANG_CXX_LANGUAGE_STANDARD = "gnu++14";
				CLANG_CXX_LIBRARY = "libc++";
				CLANG_ENABLE_MODULES = YES;
				CLANG_ENABLE_OBJC_ARC = YES;
				CLANG_ENABLE_OBJC_WEAK = YES;
				CLANG_WARN_BLOCK_CAPTURE_AUTORELEASING = YES;
				CLANG_WARN_BOOL_CONVERSION = YES;
				CLANG_WARN_COMMA = YES;
				CLANG_WARN_CONSTANT_CONVERSION = YES;
				CLANG_WARN_DEPRECATED_OBJC_IMPLEMENTATIONS = YES;
				CLANG_WARN_DIRECT_OBJC_ISA_USAGE = YES_ERROR;
				CLANG_WARN_DOCUMENTATION_COMMENTS = YES;
				CLANG_WARN_EMPTY_BODY = YES;
				CLANG_WARN_ENUM_CONVERSION = YES;
				CLANG_WARN_INFINITE_RECURSION = YES;
				CLANG_WARN_INT_CONVERSION = YES;
				CLANG_WARN_NON_LITERAL_NULL_CONVERSION = YES;
				CLANG_WARN_OBJC_IMPLICIT_RETAIN_SELF = YES;
				CLANG_WARN_OBJC_LITERAL_CONVERSION = YES;
				CLANG_WARN_OBJC_ROOT_CLASS = YES_ERROR;
				CLANG_WARN_QUOTED_INCLUDE_IN_FRAMEWORK_HEADER = YES;
				CLANG_WARN_RANGE_LOOP_ANALYSIS = YES;
				CLANG_WARN_STRICT_PROTOTYPES = YES;
				CLANG_WARN_SUSPICIOUS_MOVE = YES;
				CLANG_WARN_UNGUARDED_AVAILABILITY = YES_AGGRESSIVE;
				CLANG_WARN_UNREACHABLE_CODE = YES;
				CLANG_WARN__DUPLICATE_METHOD_MATCH = YES;
				COPY_PHASE_STRIP = NO;
				DEBUG_INFORMATION_FORMAT = "dwarf-with-dsym";
				ENABLE_NS_ASSERTIONS = NO;
				ENABLE_STRICT_OBJC_MSGSEND = YES;
				ENABLE_USER_SCRIPT_SANDBOXING = NO;
				GCC_C_LANGUAGE_STANDARD = gnu11;
				GCC_NO_COMMON_BLOCKS = YES;
				GCC_WARN_64_TO_32_BIT_CONVERSION = YES;
				GCC_WARN_ABOUT_RETURN_TYPE = YES_ERROR;
				GCC_WARN_UNDECLARED_SELECTOR = YES;
				GCC_WARN_UNINITIALIZED_AUTOS = YES_AGGRESSIVE;
				GCC_WARN_UNUSED_FUNCTION = YES;
				GCC_WARN_UNUSED_VARIABLE = YES;
				MACOSX_DEPLOYMENT_TARGET = 12.0;
				MTL_ENABLE_DEBUG_INFO = NO;
				MTL_FAST_MATH = YES;
				PRODUCT_NAME = "$(TARGET_NAME)";
				SDKROOT = macosx;
				SWIFT_COMPILATION_MODE = wholemodule;
				SWIFT_OPTIMIZATION_LEVEL = "-O";
				SWIFT_VERSION = 5.7;
			};
			name = Release;
		};
		45B929043A2F5A7FF3A73506 /* Release */ = {
			isa = XCBuildConfiguration;
			buildSettings = {
				ASSETCATALOG_COMPILER_APPICON_NAME = AppIcon;
				CODE_SIGN_ENTITLEMENTS = Resources/Snackbar.entitlements;
				COMBINE_HIDPI_IMAGES = YES;
				CURRENT_PROJECT_VERSION = 2;
				INFOPLIST_FILE = Resources/Info.plist;
				LD_RUNPATH_SEARCH_PATHS = (
					"$(inherited)",
					"@executable_path/../Frameworks",
				);
				MARKETING_VERSION = 1.0.1;
				PRODUCT_BUNDLE_IDENTIFIER = com.udos.Snackbar;
				PRODUCT_NAME = Snackbar;
				SDKROOT = macosx;
			};
			name = Release;
		};
		7ADA2972F25061859277FDF3 /* Debug */ = {
			isa = XCBuildConfiguration;
			buildSettings = {
				CODE_SIGN_IDENTITY = "";
				COMBINE_HIDPI_IMAGES = YES;
				CURRENT_PROJECT_VERSION = 1;
				DEFINES_MODULE = YES;
				DYLIB_COMPATIBILITY_VERSION = 1;
				DYLIB_CURRENT_VERSION = 1;
				DYLIB_INSTALL_NAME_BASE = "@rpath";
				INFOPLIST_FILE = "Resources/SnackbarCore-Info.plist";
				INSTALL_PATH = "$(LOCAL_LIBRARY_DIR)/Frameworks";
				LD_RUNPATH_SEARCH_PATHS = (
					"$(inherited)",
					"@executable_path/../Frameworks",
				);
				PRODUCT_BUNDLE_IDENTIFIER = com.udos.SnackbarCore;
				PRODUCT_NAME = SnackbarCore;
				SDKROOT = macosx;
				SKIP_INSTALL = YES;
				VERSIONING_SYSTEM = "apple-generic";
			};
			name = Debug;
		};
		A72BBEDA116963E75C6F5B7E /* Release */ = {
			isa = XCBuildConfiguration;
			buildSettings = {
				BUNDLE_LOADER = "$(TEST_HOST)";
				COMBINE_HIDPI_IMAGES = YES;
				LD_RUNPATH_SEARCH_PATHS = (
					"$(inherited)",
					"@executable_path/../Frameworks",
					"@loader_path/../Frameworks",
				);
				PRODUCT_BUNDLE_IDENTIFIER = com.udos.SnackbarTests;
				SDKROOT = macosx;
				TEST_HOST = "$(BUILT_PRODUCTS_DIR)/Snackbar.app/Contents/MacOS/Snackbar";
			};
			name = Release;
		};
		F1F77F61BCABBCB04EBC4B8A /* Release */ = {
			isa = XCBuildConfiguration;
			buildSettings = {
				CODE_SIGN_IDENTITY = "";
				COMBINE_HIDPI_IMAGES = YES;
				CURRENT_PROJECT_VERSION = 1;
				DEFINES_MODULE = YES;
				DYLIB_COMPATIBILITY_VERSION = 1;
				DYLIB_CURRENT_VERSION = 1;
				DYLIB_INSTALL_NAME_BASE = "@rpath";
				INFOPLIST_FILE = "Resources/SnackbarCore-Info.plist";
				INSTALL_PATH = "$(LOCAL_LIBRARY_DIR)/Frameworks";
				LD_RUNPATH_SEARCH_PATHS = (
					"$(inherited)",
					"@executable_path/../Frameworks",
				);
				PRODUCT_BUNDLE_IDENTIFIER = com.udos.SnackbarCore;
				PRODUCT_NAME = SnackbarCore;
				SDKROOT = macosx;
				SKIP_INSTALL = YES;
				VERSIONING_SYSTEM = "apple-generic";
			};
			name = Release;
		};
		F9E8D6895D955A829F8A54BC /* Debug */ = {
			isa = XCBuildConfiguration;
			buildSettings = {
				ASSETCATALOG_COMPILER_APPICON_NAME = AppIcon;
				CODE_SIGN_ENTITLEMENTS = Resources/Snackbar.entitlements;
				COMBINE_HIDPI_IMAGES = YES;
				CURRENT_PROJECT_VERSION = 2;
				INFOPLIST_FILE = Resources/Info.plist;
				LD_RUNPATH_SEARCH_PATHS = (
					"$(inherited)",
					"@executable_path/../Frameworks",
				);
				MARKETING_VERSION = 1.0.1;
				PRODUCT_BUNDLE_IDENTIFIER = com.udos.Snackbar;
				PRODUCT_NAME = Snackbar;
				SDKROOT = macosx;
			};
			name = Debug;
		};
/* End XCBuildConfiguration section */

/* Begin XCConfigurationList section */
		21642268E371EC8C5E4A825B /* Build configuration list for PBXNativeTarget "Snackbar" */ = {
			isa = XCConfigurationList;
			buildConfigurations = (
				F9E8D6895D955A829F8A54BC /* Debug */,
				45B929043A2F5A7FF3A73506 /* Release */,
			);
			defaultConfigurationIsVisible = 0;
			defaultConfigurationName = Debug;
		};
		98C908CB984B04B5DAE481B9 /* Build configuration list for PBXNativeTarget "SnackbarTests" */ = {
			isa = XCConfigurationList;
			buildConfigurations = (
				05CBF6CE8A5072D451E5E4BE /* Debug */,
				A72BBEDA116963E75C6F5B7E /* Release */,
			);
			defaultConfigurationIsVisible = 0;
			defaultConfigurationName = Debug;
		};
		BD189B9CE1D484F8EA5B19CB /* Build configuration list for PBXProject "Snackbar" */ = {
			isa = XCConfigurationList;
			buildConfigurations = (
				38E8E8905C5BE0A8E98488E9 /* Debug */,
				40363A81C11CD2BF4D16D794 /* Release */,
			);
			defaultConfigurationIsVisible = 0;
			defaultConfigurationName = Debug;
		};
		D577051B794549E18C32A38A /* Build configuration list for PBXNativeTarget "SnackbarCore" */ = {
			isa = XCConfigurationList;
			buildConfigurations = (
				7ADA2972F25061859277FDF3 /* Debug */,
				F1F77F61BCABBCB04EBC4B8A /* Release */,
			);
			defaultConfigurationIsVisible = 0;
			defaultConfigurationName = Debug;
		};
/* End XCConfigurationList section */
	};
	rootObject = D7074C1239CD8BF6379BDAA5 /* Project object */;
}
